// !$*UTF8*$!
{
	archiveVersion = 1;
	classes = {
	};
	objectVersion = 55;
	objects = {

/* Begin PBXBuildFile section */
		6E329B3427E4555400C39553 /* AppDelegate.swift in Sources */ = {isa = PBXBuildFile; fileRef = 6E329B3327E4555400C39553 /* AppDelegate.swift */; };
		6E329B3627E4555400C39553 /* SceneDelegate.swift in Sources */ = {isa = PBXBuildFile; fileRef = 6E329B3527E4555400C39553 /* SceneDelegate.swift */; };
		6E329B3827E4555400C39553 /* ViewController.swift in Sources */ = {isa = PBXBuildFile; fileRef = 6E329B3727E4555400C39553 /* ViewController.swift */; };
		6E329B3B27E4555400C39553 /* Main.storyboard in Resources */ = {isa = PBXBuildFile; fileRef = 6E329B3927E4555400C39553 /* Main.storyboard */; };
		6E329B3D27E4555500C39553 /* Assets.xcassets in Resources */ = {isa = PBXBuildFile; fileRef = 6E329B3C27E4555500C39553 /* Assets.xcassets */; };
		6E329B4027E4555500C39553 /* LaunchScreen.storyboard in Resources */ = {isa = PBXBuildFile; fileRef = 6E329B3E27E4555500C39553 /* LaunchScreen.storyboard */; };
		6E329B4B27E4555500C39553 /* SelfCamTests.swift in Sources */ = {isa = PBXBuildFile; fileRef = 6E329B4A27E4555500C39553 /* SelfCamTests.swift */; };
		6E329B5527E4555500C39553 /* SelfCamUITests.swift in Sources */ = {isa = PBXBuildFile; fileRef = 6E329B5427E4555500C39553 /* SelfCamUITests.swift */; };
		6E329B5727E4555500C39553 /* SelfCamUITestsLaunchTests.swift in Sources */ = {isa = PBXBuildFile; fileRef = 6E329B5627E4555500C39553 /* SelfCamUITestsLaunchTests.swift */; };
		6E329B6F27E4567900C39553 /* SnapKit in Frameworks */ = {isa = PBXBuildFile; productRef = 6E329B6E27E4567900C39553 /* SnapKit */; };
		6E329B7127E4579900C39553 /* CNNEmotions.mlmodel in Sources */ = {isa = PBXBuildFile; fileRef = 6E329B7027E4579900C39553 /* CNNEmotions.mlmodel */; };
		6E329B7727E46BCD00C39553 /* PreviewView.swift in Sources */ = {isa = PBXBuildFile; fileRef = 6E329B7227E46BCD00C39553 /* PreviewView.swift */; };
		6E329B7827E46BCD00C39553 /* EditViewController.swift in Sources */ = {isa = PBXBuildFile; fileRef = 6E329B7327E46BCD00C39553 /* EditViewController.swift */; };
		6E329B7927E46BCD00C39553 /* DrawView.swift in Sources */ = {isa = PBXBuildFile; fileRef = 6E329B7427E46BCD00C39553 /* DrawView.swift */; };
		6E329B7A27E46BCD00C39553 /* Classifier.swift in Sources */ = {isa = PBXBuildFile; fileRef = 6E329B7527E46BCD00C39553 /* Classifier.swift */; };
		6E329B7B27E46BCD00C39553 /* APIResponse.swift in Sources */ = {isa = PBXBuildFile; fileRef = 6E329B7627E46BCD00C39553 /* APIResponse.swift */; };
/* End PBXBuildFile section */

/* Begin PBXContainerItemProxy section */
		6E329B4727E4555500C39553 /* PBXContainerItemProxy */ = {
			isa = PBXContainerItemProxy;
			containerPortal = 6E329B2827E4555400C39553 /* Project object */;
			proxyType = 1;
			remoteGlobalIDString = 6E329B2F27E4555400C39553;
			remoteInfo = SelfCam;
		};
		6E329B5127E4555500C39553 /* PBXContainerItemProxy */ = {
			isa = PBXContainerItemProxy;
			containerPortal = 6E329B2827E4555400C39553 /* Project object */;
			proxyType = 1;
			remoteGlobalIDString = 6E329B2F27E4555400C39553;
			remoteInfo = SelfCam;
		};
/* End PBXContainerItemProxy section */

/* Begin PBXFileReference section */
		6E329B3027E4555400C39553 /* SelfCam.app */ = {isa = PBXFileReference; explicitFileType = wrapper.application; includeInIndex = 0; path = SelfCam.app; sourceTree = BUILT_PRODUCTS_DIR; };
		6E329B3327E4555400C39553 /* AppDelegate.swift */ = {isa = PBXFileReference; lastKnownFileType = sourcecode.swift; path = AppDelegate.swift; sourceTree = "<group>"; };
		6E329B3527E4555400C39553 /* SceneDelegate.swift */ = {isa = PBXFileReference; lastKnownFileType = sourcecode.swift; path = SceneDelegate.swift; sourceTree = "<group>"; };
		6E329B3727E4555400C39553 /* ViewController.swift */ = {isa = PBXFileReference; lastKnownFileType = sourcecode.swift; path = ViewController.swift; sourceTree = "<group>"; };
		6E329B3A27E4555400C39553 /* Base */ = {isa = PBXFileReference; lastKnownFileType = file.storyboard; name = Base; path = Base.lproj/Main.storyboard; sourceTree = "<group>"; };
		6E329B3C27E4555500C39553 /* Assets.xcassets */ = {isa = PBXFileReference; lastKnownFileType = folder.assetcatalog; path = Assets.xcassets; sourceTree = "<group>"; };
		6E329B3F27E4555500C39553 /* Base */ = {isa = PBXFileReference; lastKnownFileType = file.storyboard; name = Base; path = Base.lproj/LaunchScreen.storyboard; sourceTree = "<group>"; };
		6E329B4127E4555500C39553 /* Info.plist */ = {isa = PBXFileReference; lastKnownFileType = text.plist.xml; path = Info.plist; sourceTree = "<group>"; };
		6E329B4627E4555500C39553 /* SelfCamTests.xctest */ = {isa = PBXFileReference; explicitFileType = wrapper.cfbundle; includeInIndex = 0; path = SelfCamTests.xctest; sourceTree = BUILT_PRODUCTS_DIR; };
		6E329B4A27E4555500C39553 /* SelfCamTests.swift */ = {isa = PBXFileReference; lastKnownFileType = sourcecode.swift; path = SelfCamTests.swift; sourceTree = "<group>"; };
		6E329B5027E4555500C39553 /* SelfCamUITests.xctest */ = {isa = PBXFileReference; explicitFileType = wrapper.cfbundle; includeInIndex = 0; path = SelfCamUITests.xctest; sourceTree = BUILT_PRODUCTS_DIR; };
		6E329B5427E4555500C39553 /* SelfCamUITests.swift */ = {isa = PBXFileReference; lastKnownFileType = sourcecode.swift; path = SelfCamUITests.swift; sourceTree = "<group>"; };
		6E329B5627E4555500C39553 /* SelfCamUITestsLaunchTests.swift */ = {isa = PBXFileReference; lastKnownFileType = sourcecode.swift; path = SelfCamUITestsLaunchTests.swift; sourceTree = "<group>"; };
		6E329B7027E4579900C39553 /* CNNEmotions.mlmodel */ = {isa = PBXFileReference; lastKnownFileType = file.mlmodel; name = CNNEmotions.mlmodel; path = ../../../Downloads/CNNEmotions.mlmodel; sourceTree = "<group>"; };
		6E329B7227E46BCD00C39553 /* PreviewView.swift */ = {isa = PBXFileReference; fileEncoding = 4; lastKnownFileType = sourcecode.swift; path = PreviewView.swift; sourceTree = "<group>"; };
		6E329B7327E46BCD00C39553 /* EditViewController.swift */ = {isa = PBXFileReference; fileEncoding = 4; lastKnownFileType = sourcecode.swift; path = EditViewController.swift; sourceTree = "<group>"; };
		6E329B7427E46BCD00C39553 /* DrawView.swift */ = {isa = PBXFileReference; fileEncoding = 4; lastKnownFileType = sourcecode.swift; path = DrawView.swift; sourceTree = "<group>"; };
		6E329B7527E46BCD00C39553 /* Classifier.swift */ = {isa = PBXFileReference; fileEncoding = 4; lastKnownFileType = sourcecode.swift; path = Classifier.swift; sourceTree = "<group>"; };
		6E329B7627E46BCD00C39553 /* APIResponse.swift */ = {isa = PBXFileReference; fileEncoding = 4; lastKnownFileType = sourcecode.swift; path = APIResponse.swift; sourceTree = "<group>"; };
/* End PBXFileReference section */

/* Begin PBXFrameworksBuildPhase section */
		6E329B2D27E4555400C39553 /* Frameworks */ = {
			isa = PBXFrameworksBuildPhase;
			buildActionMask = 2147483647;
			files = (
				6E329B6F27E4567900C39553 /* SnapKit in Frameworks */,
			);
			runOnlyForDeploymentPostprocessing = 0;
		};
		6E329B4327E4555500C39553 /* Frameworks */ = {
			isa = PBXFrameworksBuildPhase;
			buildActionMask = 2147483647;
			files = (
			);
			runOnlyForDeploymentPostprocessing = 0;
		};
		6E329B4D27E4555500C39553 /* Frameworks */ = {
			isa = PBXFrameworksBuildPhase;
			buildActionMask = 2147483647;
			files = (
			);
			runOnlyForDeploymentPostprocessing = 0;
		};
/* End PBXFrameworksBuildPhase section */

/* Begin PBXGroup section */
		6E329B2727E4555400C39553 = {
			isa = PBXGroup;
			children = (
				6E329B3227E4555400C39553 /* SelfCam */,
				6E329B4927E4555500C39553 /* SelfCamTests */,
				6E329B5327E4555500C39553 /* SelfCamUITests */,
				6E329B3127E4555400C39553 /* Products */,
			);
			sourceTree = "<group>";
		};
		6E329B3127E4555400C39553 /* Products */ = {
			isa = PBXGroup;
			children = (
				6E329B3027E4555400C39553 /* SelfCam.app */,
				6E329B4627E4555500C39553 /* SelfCamTests.xctest */,
				6E329B5027E4555500C39553 /* SelfCamUITests.xctest */,
			);
			name = Products;
			sourceTree = "<group>";
		};
		6E329B3227E4555400C39553 /* SelfCam */ = {
			isa = PBXGroup;
			children = (
				6E329B3327E4555400C39553 /* AppDelegate.swift */,
				6E329B3527E4555400C39553 /* SceneDelegate.swift */,
				6E329B3727E4555400C39553 /* ViewController.swift */,
				6E329B7627E46BCD00C39553 /* APIResponse.swift */,
				6E329B7527E46BCD00C39553 /* Classifier.swift */,
				6E329B7427E46BCD00C39553 /* DrawView.swift */,
				6E329B7327E46BCD00C39553 /* EditViewController.swift */,
				6E329B7227E46BCD00C39553 /* PreviewView.swift */,
				6E329B3927E4555400C39553 /* Main.storyboard */,
				6E329B3C27E4555500C39553 /* Assets.xcassets */,
				6E329B3E27E4555500C39553 /* LaunchScreen.storyboard */,
				6E329B4127E4555500C39553 /* Info.plist */,
				6E329B7027E4579900C39553 /* CNNEmotions.mlmodel */,
			);
			path = SelfCam;
			sourceTree = "<group>";
		};
		6E329B4927E4555500C39553 /* SelfCamTests */ = {
			isa = PBXGroup;
			children = (
				6E329B4A27E4555500C39553 /* SelfCamTests.swift */,
			);
			path = SelfCamTests;
			sourceTree = "<group>";
		};
		6E329B5327E4555500C39553 /* SelfCamUITests */ = {
			isa = PBXGroup;
			children = (
				6E329B5427E4555500C39553 /* SelfCamUITests.swift */,
				6E329B5627E4555500C39553 /* SelfCamUITestsLaunchTests.swift */,
			);
			path = SelfCamUITests;
			sourceTree = "<group>";
		};
/* End PBXGroup section */

/* Begin PBXNativeTarget section */
		6E329B2F27E4555400C39553 /* SelfCam */ = {
			isa = PBXNativeTarget;
			buildConfigurationList = 6E329B5A27E4555500C39553 /* Build configuration list for PBXNativeTarget "SelfCam" */;
			buildPhases = (
				6E329B2C27E4555400C39553 /* Sources */,
				6E329B2D27E4555400C39553 /* Frameworks */,
				6E329B2E27E4555400C39553 /* Resources */,
			);
			buildRules = (
			);
			dependencies = (
			);
			name = SelfCam;
			packageProductDependencies = (
				6E329B6E27E4567900C39553 /* SnapKit */,
			);
			productName = SelfCam;
			productReference = 6E329B3027E4555400C39553 /* SelfCam.app */;
			productType = "com.apple.product-type.application";
		};
		6E329B4527E4555500C39553 /* SelfCamTests */ = {
			isa = PBXNativeTarget;
			buildConfigurationList = 6E329B5D27E4555500C39553 /* Build configuration list for PBXNativeTarget "SelfCamTests" */;
			buildPhases = (
				6E329B4227E4555500C39553 /* Sources */,
				6E329B4327E4555500C39553 /* Frameworks */,
				6E329B4427E4555500C39553 /* Resources */,
			);
			buildRules = (
			);
			dependencies = (
				6E329B4827E4555500C39553 /* PBXTargetDependency */,
			);
			name = SelfCamTests;
			productName = SelfCamTests;
			productReference = 6E329B4627E4555500C39553 /* SelfCamTests.xctest */;
			productType = "com.apple.product-type.bundle.unit-test";
		};
		6E329B4F27E4555500C39553 /* SelfCamUITests */ = {
			isa = PBXNativeTarget;
			buildConfigurationList = 6E329B6027E4555500C39553 /* Build configuration list for PBXNativeTarget "SelfCamUITests" */;
			buildPhases = (
				6E329B4C27E4555500C39553 /* Sources */,
				6E329B4D27E4555500C39553 /* Frameworks */,
				6E329B4E27E4555500C39553 /* Resources */,
			);
			buildRules = (
			);
			dependencies = (
				6E329B5227E4555500C39553 /* PBXTargetDependency */,
			);
			name = SelfCamUITests;
			productName = SelfCamUITests;
			productReference = 6E329B5027E4555500C39553 /* SelfCamUITests.xctest */;
			productType = "com.apple.product-type.bundle.ui-testing";
		};
/* End PBXNativeTarget section */

/* Begin PBXProject section */
		6E329B2827E4555400C39553 /* Project object */ = {
			isa = PBXProject;
			attributes = {
				BuildIndependentTargetsInParallel = 1;
				LastSwiftUpdateCheck = 1330;
				LastUpgradeCheck = 1330;
				TargetAttributes = {
					6E329B2F27E4555400C39553 = {
						CreatedOnToolsVersion = 13.3;
					};
					6E329B4527E4555500C39553 = {
						CreatedOnToolsVersion = 13.3;
						TestTargetID = 6E329B2F27E4555400C39553;
					};
					6E329B4F27E4555500C39553 = {
						CreatedOnToolsVersion = 13.3;
						TestTargetID = 6E329B2F27E4555400C39553;
					};
				};
			};
			buildConfigurationList = 6E329B2B27E4555400C39553 /* Build configuration list for PBXProject "SelfCam" */;
			compatibilityVersion = "Xcode 13.0";
			developmentRegion = en;
			hasScannedForEncodings = 0;
			knownRegions = (
				en,
				Base,
			);
			mainGroup = 6E329B2727E4555400C39553;
			packageReferences = (
				6E329B6D27E4567900C39553 /* XCRemoteSwiftPackageReference "SnapKit" */,
			);
			productRefGroup = 6E329B3127E4555400C39553 /* Products */;
			projectDirPath = "";
			projectRoot = "";
			targets = (
				6E329B2F27E4555400C39553 /* SelfCam */,
				6E329B4527E4555500C39553 /* SelfCamTests */,
				6E329B4F27E4555500C39553 /* SelfCamUITests */,
			);
		};
/* End PBXProject section */

/* Begin PBXResourcesBuildPhase section */
		6E329B2E27E4555400C39553 /* Resources */ = {
			isa = PBXResourcesBuildPhase;
			buildActionMask = 2147483647;
			files = (
				6E329B4027E4555500C39553 /* LaunchScreen.storyboard in Resources */,
				6E329B3D27E4555500C39553 /* Assets.xcassets in Resources */,
				6E329B3B27E4555400C39553 /* Main.storyboard in Resources */,
			);
			runOnlyForDeploymentPostprocessing = 0;
		};
		6E329B4427E4555500C39553 /* Resources */ = {
			isa = PBXResourcesBuildPhase;
			buildActionMask = 2147483647;
			files = (
			);
			runOnlyForDeploymentPostprocessing = 0;
		};
		6E329B4E27E4555500C39553 /* Resources */ = {
			isa = PBXResourcesBuildPhase;
			buildActionMask = 2147483647;
			files = (
			);
			runOnlyForDeploymentPostprocessing = 0;
		};
/* End PBXResourcesBuildPhase section */

/* Begin PBXSourcesBuildPhase section */
		6E329B2C27E4555400C39553 /* Sources */ = {
			isa = PBXSourcesBuildPhase;
			buildActionMask = 2147483647;
			files = (
				6E329B7A27E46BCD00C39553 /* Classifier.swift in Sources */,
				6E329B7727E46BCD00C39553 /* PreviewView.swift in Sources */,
				6E329B7127E4579900C39553 /* CNNEmotions.mlmodel in Sources */,
				6E329B7927E46BCD00C39553 /* DrawView.swift in Sources */,
				6E329B7827E46BCD00C39553 /* EditViewController.swift in Sources */,
				6E329B3827E4555400C39553 /* ViewController.swift in Sources */,
				6E329B3427E4555400C39553 /* AppDelegate.swift in Sources */,
				6E329B3627E4555400C39553 /* SceneDelegate.swift in Sources */,
				6E329B7B27E46BCD00C39553 /* APIResponse.swift in Sources */,
			);
			runOnlyForDeploymentPostprocessing = 0;
		};
		6E329B4227E4555500C39553 /* Sources */ = {
			isa = PBXSourcesBuildPhase;
			buildActionMask = 2147483647;
			files = (
				6E329B4B27E4555500C39553 /* SelfCamTests.swift in Sources */,
			);
			runOnlyForDeploymentPostprocessing = 0;
		};
		6E329B4C27E4555500C39553 /* Sources */ = {
			isa = PBXSourcesBuildPhase;
			buildActionMask = 2147483647;
			files = (
				6E329B5727E4555500C39553 /* SelfCamUITestsLaunchTests.swift in Sources */,
				6E329B5527E4555500C39553 /* SelfCamUITests.swift in Sources */,
			);
			runOnlyForDeploymentPostprocessing = 0;
		};
/* End PBXSourcesBuildPhase section */

/* Begin PBXTargetDependency section */
		6E329B4827E4555500C39553 /* PBXTargetDependency */ = {
			isa = PBXTargetDependency;
			target = 6E329B2F27E4555400C39553 /* SelfCam */;
			targetProxy = 6E329B4727E4555500C39553 /* PBXContainerItemProxy */;
		};
		6E329B5227E4555500C39553 /* PBXTargetDependency */ = {
			isa = PBXTargetDependency;
			target = 6E329B2F27E4555400C39553 /* SelfCam */;
			targetProxy = 6E329B5127E4555500C39553 /* PBXContainerItemProxy */;
		};
/* End PBXTargetDependency section */

/* Begin PBXVariantGroup section */
		6E329B3927E4555400C39553 /* Main.storyboard */ = {
			isa = PBXVariantGroup;
			children = (
				6E329B3A27E4555400C39553 /* Base */,
			);
			name = Main.storyboard;
			sourceTree = "<group>";
		};
		6E329B3E27E4555500C39553 /* LaunchScreen.storyboard */ = {
			isa = PBXVariantGroup;
			children = (
				6E329B3F27E4555500C39553 /* Base */,
			);
			name = LaunchScreen.storyboard;
			sourceTree = "<group>";
		};
/* End PBXVariantGroup section */

/* Begin XCBuildConfiguration section */
		6E329B5827E4555500C39553 /* Debug */ = {
			isa = XCBuildConfiguration;
			buildSettings = {
				ALWAYS_SEARCH_USER_PATHS = NO;
				CLANG_ANALYZER_NONNULL = YES;
				CLANG_ANALYZER_NUMBER_OBJECT_CONVERSION = YES_AGGRESSIVE;
				CLANG_CXX_LANGUAGE_STANDARD = "gnu++17";
				CLANG_ENABLE_MODULES = YES;
				CLANG_ENABLE_OBJC_ARC = YES;
				CLANG_ENABLE_OBJC_WEAK = YES;
				CLANG_WARN_BLOCK_CAPTURE_AUTORELEASING = YES;
				CLANG_WARN_BOOL_CONVERSION = YES;
				CLANG_WARN_COMMA = YES;
				CLANG_WARN_CONSTANT_CONVERSION = YES;
				CLANG_WARN_DEPRECATED_OBJC_IMPLEMENTATIONS = YES;
				CLANG_WARN_DIRECT_OBJC_ISA_USAGE = YES_ERROR;
				CLANG_WARN_DOCUMENTATION_COMMENTS = YES;
				CLANG_WARN_EMPTY_BODY = YES;
				CLANG_WARN_ENUM_CONVERSION = YES;
				CLANG_WARN_INFINITE_RECURSION = YES;
				CLANG_WARN_INT_CONVERSION = YES;
				CLANG_WARN_NON_LITERAL_NULL_CONVERSION = YES;
				CLANG_WARN_OBJC_IMPLICIT_RETAIN_SELF = YES;
				CLANG_WARN_OBJC_LITERAL_CONVERSION = YES;
				CLANG_WARN_OBJC_ROOT_CLASS = YES_ERROR;
				CLANG_WARN_QUOTED_INCLUDE_IN_FRAMEWORK_HEADER = YES;
				CLANG_WARN_RANGE_LOOP_ANALYSIS = YES;
				CLANG_WARN_STRICT_PROTOTYPES = YES;
				CLANG_WARN_SUSPICIOUS_MOVE = YES;
				CLANG_WARN_UNGUARDED_AVAILABILITY = YES_AGGRESSIVE;
				CLANG_WARN_UNREACHABLE_CODE = YES;
				CLANG_WARN__DUPLICATE_METHOD_MATCH = YES;
				COPY_PHASE_STRIP = NO;
				DEBUG_INFORMATION_FORMAT = dwarf;
				ENABLE_STRICT_OBJC_MSGSEND = YES;
				ENABLE_TESTABILITY = YES;
				GCC_C_LANGUAGE_STANDARD = gnu11;
				GCC_DYNAMIC_NO_PIC = NO;
				GCC_NO_COMMON_BLOCKS = YES;
				GCC_OPTIMIZATION_LEVEL = 0;
				GCC_PREPROCESSOR_DEFINITIONS = (
					"DEBUG=1",
					"$(inherited)",
				);
				GCC_WARN_64_TO_32_BIT_CONVERSION = YES;
				GCC_WARN_ABOUT_RETURN_TYPE = YES_ERROR;
				GCC_WARN_UNDECLARED_SELECTOR = YES;
				GCC_WARN_UNINITIALIZED_AUTOS = YES_AGGRESSIVE;
				GCC_WARN_UNUSED_FUNCTION = YES;
				GCC_WARN_UNUSED_VARIABLE = YES;
				IPHONEOS_DEPLOYMENT_TARGET = 15.4;
				MTL_ENABLE_DEBUG_INFO = INCLUDE_SOURCE;
				MTL_FAST_MATH = YES;
				ONLY_ACTIVE_ARCH = YES;
				SDKROOT = iphoneos;
				SWIFT_ACTIVE_COMPILATION_CONDITIONS = DEBUG;
				SWIFT_OPTIMIZATION_LEVEL = "-Onone";
			};
			name = Debug;
		};
		6E329B5927E4555500C39553 /* Release */ = {
			isa = XCBuildConfiguration;
			buildSettings = {
				ALWAYS_SEARCH_USER_PATHS = NO;
				CLANG_ANALYZER_NONNULL = YES;
				CLANG_ANALYZER_NUMBER_OBJECT_CONVERSION = YES_AGGRESSIVE;
				CLANG_CXX_LANGUAGE_STANDARD = "gnu++17";
				CLANG_ENABLE_MODULES = YES;
				CLANG_ENABLE_OBJC_ARC = YES;
				CLANG_ENABLE_OBJC_WEAK = YES;
				CLANG_WARN_BLOCK_CAPTURE_AUTORELEASING = YES;
				CLANG_WARN_BOOL_CONVERSION = YES;
				CLANG_WARN_COMMA = YES;
				CLANG_WARN_CONSTANT_CONVERSION = YES;
				CLANG_WARN_DEPRECATED_OBJC_IMPLEMENTATIONS = YES;
				CLANG_WARN_DIRECT_OBJC_ISA_USAGE = YES_ERROR;
				CLANG_WARN_DOCUMENTATION_COMMENTS = YES;
				CLANG_WARN_EMPTY_BODY = YES;
				CLANG_WARN_ENUM_CONVERSION = YES;
				CLANG_WARN_INFINITE_RECURSION = YES;
				CLANG_WARN_INT_CONVERSION = YES;
				CLANG_WARN_NON_LITERAL_NULL_CONVERSION = YES;
				CLANG_WARN_OBJC_IMPLICIT_RETAIN_SELF = YES;
				CLANG_WARN_OBJC_LITERAL_CONVERSION = YES;
				CLANG_WARN_OBJC_ROOT_CLASS = YES_ERROR;
				CLANG_WARN_QUOTED_INCLUDE_IN_FRAMEWORK_HEADER = YES;
				CLANG_WARN_RANGE_LOOP_ANALYSIS = YES;
				CLANG_WARN_STRICT_PROTOTYPES = YES;
				CLANG_WARN_SUSPICIOUS_MOVE = YES;
				CLANG_WARN_UNGUARDED_AVAILABILITY = YES_AGGRESSIVE;
				CLANG_WARN_UNREACHABLE_CODE = YES;
				CLANG_WARN__DUPLICATE_METHOD_MATCH = YES;
				COPY_PHASE_STRIP = NO;
				DEBUG_INFORMATION_FORMAT = "dwarf-with-dsym";
				ENABLE_NS_ASSERTIONS = NO;
				ENABLE_STRICT_OBJC_MSGSEND = YES;
				GCC_C_LANGUAGE_STANDARD = gnu11;
				GCC_NO_COMMON_BLOCKS = YES;
				GCC_WARN_64_TO_32_BIT_CONVERSION = YES;
				GCC_WARN_ABOUT_RETURN_TYPE = YES_ERROR;
				GCC_WARN_UNDECLARED_SELECTOR = YES;
				GCC_WARN_UNINITIALIZED_AUTOS = YES_AGGRESSIVE;
				GCC_WARN_UNUSED_FUNCTION = YES;
				GCC_WARN_UNUSED_VARIABLE = YES;
				IPHONEOS_DEPLOYMENT_TARGET = 15.4;
				MTL_ENABLE_DEBUG_INFO = NO;
				MTL_FAST_MATH = YES;
				SDKROOT = iphoneos;
				SWIFT_COMPILATION_MODE = wholemodule;
				SWIFT_OPTIMIZATION_LEVEL = "-O";
				VALIDATE_PRODUCT = YES;
			};
			name = Release;
		};
		6E329B5B27E4555500C39553 /* Debug */ = {
			isa = XCBuildConfiguration;
			buildSettings = {
				ASSETCATALOG_COMPILER_APPICON_NAME = AppIcon;
				ASSETCATALOG_COMPILER_GLOBAL_ACCENT_COLOR_NAME = AccentColor;
				CODE_SIGN_STYLE = Automatic;
				CURRENT_PROJECT_VERSION = 1;
				DEVELOPMENT_TEAM = Y7ZRR2GJ3U;
				GENERATE_INFOPLIST_FILE = YES;
				INFOPLIST_FILE = SelfCam/Info.plist;
				INFOPLIST_KEY_UIApplicationSupportsIndirectInputEvents = YES;
				INFOPLIST_KEY_UILaunchStoryboardName = LaunchScreen;
				INFOPLIST_KEY_UIMainStoryboardFile = Main;
				INFOPLIST_KEY_UISupportedInterfaceOrientations_iPad = "UIInterfaceOrientationPortrait UIInterfaceOrientationPortraitUpsideDown UIInterfaceOrientationLandscapeLeft UIInterfaceOrientationLandscapeRight";
				INFOPLIST_KEY_UISupportedInterfaceOrientations_iPhone = "UIInterfaceOrientationPortrait UIInterfaceOrientationLandscapeLeft UIInterfaceOrientationLandscapeRight";
				IPHONEOS_DEPLOYMENT_TARGET = 14.0;
				LD_RUNPATH_SEARCH_PATHS = (
					"$(inherited)",
					"@executable_path/Frameworks",
				);
				MARKETING_VERSION = 1.0;
				PRODUCT_BUNDLE_IDENTIFIER = com.sykomic.SelfCam;
				PRODUCT_NAME = "$(TARGET_NAME)";
				SWIFT_EMIT_LOC_STRINGS = YES;
				SWIFT_VERSION = 5.0;
				TARGETED_DEVICE_FAMILY = "1,2";
			};
			name = Debug;
		};
		6E329B5C27E4555500C39553 /* Release */ = {
			isa = XCBuildConfiguration;
			buildSettings = {
				ASSETCATALOG_COMPILER_APPICON_NAME = AppIcon;
				ASSETCATALOG_COMPILER_GLOBAL_ACCENT_COLOR_NAME = AccentColor;
				CODE_SIGN_STYLE = Automatic;
				CURRENT_PROJECT_VERSION = 1;
				DEVELOPMENT_TEAM = Y7ZRR2GJ3U;
				GENERATE_INFOPLIST_FILE = YES;
				INFOPLIST_FILE = SelfCam/Info.plist;
				INFOPLIST_KEY_UIApplicationSupportsIndirectInputEvents = YES;
				INFOPLIST_KEY_UILaunchStoryboardName = LaunchScreen;
				INFOPLIST_KEY_UIMainStoryboardFile = Main;
				INFOPLIST_KEY_UISupportedInterfaceOrientations_iPad = "UIInterfaceOrientationPortrait UIInterfaceOrientationPortraitUpsideDown UIInterfaceOrientationLandscapeLeft UIInterfaceOrientationLandscapeRight";
				INFOPLIST_KEY_UISupportedInterfaceOrientations_iPhone = "UIInterfaceOrientationPortrait UIInterfaceOrientationLandscapeLeft UIInterfaceOrientationLandscapeRight";
				IPHONEOS_DEPLOYMENT_TARGET = 14.0;
				LD_RUNPATH_SEARCH_PATHS = (
					"$(inherited)",
					"@executable_path/Frameworks",
				);
				MARKETING_VERSION = 1.0;
				PRODUCT_BUNDLE_IDENTIFIER = com.sykomic.SelfCam;
				PRODUCT_NAME = "$(TARGET_NAME)";
				SWIFT_EMIT_LOC_STRINGS = YES;
				SWIFT_VERSION = 5.0;
				TARGETED_DEVICE_FAMILY = "1,2";
			};
			name = Release;
		};
		6E329B5E27E4555500C39553 /* Debug */ = {
			isa = XCBuildConfiguration;
			buildSettings = {
				ALWAYS_EMBED_SWIFT_STANDARD_LIBRARIES = YES;
				BUNDLE_LOADER = "$(TEST_HOST)";
				CODE_SIGN_STYLE = Automatic;
				CURRENT_PROJECT_VERSION = 1;
				DEVELOPMENT_TEAM = Y7ZRR2GJ3U;
				GENERATE_INFOPLIST_FILE = YES;
				IPHONEOS_DEPLOYMENT_TARGET = 15.4;
				MARKETING_VERSION = 1.0;
				PRODUCT_BUNDLE_IDENTIFIER = com.sykomic.SelfCamTests;
				PRODUCT_NAME = "$(TARGET_NAME)";
				SWIFT_EMIT_LOC_STRINGS = NO;
				SWIFT_VERSION = 5.0;
				TARGETED_DEVICE_FAMILY = "1,2";
				TEST_HOST = "$(BUILT_PRODUCTS_DIR)/SelfCam.app/SelfCam";
			};
			name = Debug;
		};
		6E329B5F27E4555500C39553 /* Release */ = {
			isa = XCBuildConfiguration;
			buildSettings = {
				ALWAYS_EMBED_SWIFT_STANDARD_LIBRARIES = YES;
				BUNDLE_LOADER = "$(TEST_HOST)";
				CODE_SIGN_STYLE = Automatic;
				CURRENT_PROJECT_VERSION = 1;
				DEVELOPMENT_TEAM = Y7ZRR2GJ3U;
				GENERATE_INFOPLIST_FILE = YES;
				IPHONEOS_DEPLOYMENT_TARGET = 15.4;
				MARKETING_VERSION = 1.0;
				PRODUCT_BUNDLE_IDENTIFIER = com.sykomic.SelfCamTests;
				PRODUCT_NAME = "$(TARGET_NAME)";
				SWIFT_EMIT_LOC_STRINGS = NO;
				SWIFT_VERSION = 5.0;
				TARGETED_DEVICE_FAMILY = "1,2";
				TEST_HOST = "$(BUILT_PRODUCTS_DIR)/SelfCam.app/SelfCam";
			};
			name = Release;
		};
		6E329B6127E4555500C39553 /* Debug */ = {
			isa = XCBuildConfiguration;
			buildSettings = {
				ALWAYS_EMBED_SWIFT_STANDARD_LIBRARIES = YES;
				CODE_SIGN_STYLE = Automatic;
				CURRENT_PROJECT_VERSION = 1;
				DEVELOPMENT_TEAM = Y7ZRR2GJ3U;
				GENERATE_INFOPLIST_FILE = YES;
				MARKETING_VERSION = 1.0;
				PRODUCT_BUNDLE_IDENTIFIER = com.sykomic.SelfCamUITests;
				PRODUCT_NAME = "$(TARGET_NAME)";
				SWIFT_EMIT_LOC_STRINGS = NO;
				SWIFT_VERSION = 5.0;
				TARGETED_DEVICE_FAMILY = "1,2";
				TEST_TARGET_NAME = SelfCam;
			};
			name = Debug;
		};
		6E329B6227E4555500C39553 /* Release */ = {
			isa = XCBuildConfiguration;
			buildSettings = {
				ALWAYS_EMBED_SWIFT_STANDARD_LIBRARIES = YES;
				CODE_SIGN_STYLE = Automatic;
				CURRENT_PROJECT_VERSION = 1;
				DEVELOPMENT_TEAM = Y7ZRR2GJ3U;
				GENERATE_INFOPLIST_FILE = YES;
				MARKETING_VERSION = 1.0;
				PRODUCT_BUNDLE_IDENTIFIER = com.sykomic.SelfCamUITests;
				PRODUCT_NAME = "$(TARGET_NAME)";
				SWIFT_EMIT_LOC_STRINGS = NO;
				SWIFT_VERSION = 5.0;
				TARGETED_DEVICE_FAMILY = "1,2";
				TEST_TARGET_NAME = SelfCam;
			};
			name = Release;
		};
/* End XCBuildConfiguration section */

/* Begin XCConfigurationList section */
		6E329B2B27E4555400C39553 /* Build configuration list for PBXProject "SelfCam" */ = {
			isa = XCConfigurationList;
			buildConfigurations = (
				6E329B5827E4555500C39553 /* Debug */,
				6E329B5927E4555500C39553 /* Release */,
			);
			defaultConfigurationIsVisible = 0;
			defaultConfigurationName = Release;
		};
		6E329B5A27E4555500C39553 /* Build configuration list for PBXNativeTarget "SelfCam" */ = {
			isa = XCConfigurationList;
			buildConfigurations = (
				6E329B5B27E4555500C39553 /* Debug */,
				6E329B5C27E4555500C39553 /* Release */,
			);
			defaultConfigurationIsVisible = 0;
			defaultConfigurationName = Release;
		};
		6E329B5D27E4555500C39553 /* Build configuration list for PBXNativeTarget "SelfCamTests" */ = {
			isa = XCConfigurationList;
			buildConfigurations = (
				6E329B5E27E4555500C39553 /* Debug */,
				6E329B5F27E4555500C39553 /* Release */,
			);
			defaultConfigurationIsVisible = 0;
			defaultConfigurationName = Release;
		};
		6E329B6027E4555500C39553 /* Build configuration list for PBXNativeTarget "SelfCamUITests" */ = {
			isa = XCConfigurationList;
			buildConfigurations = (
				6E329B6127E4555500C39553 /* Debug */,
				6E329B6227E4555500C39553 /* Release */,
			);
			defaultConfigurationIsVisible = 0;
			defaultConfigurationName = Release;
		};
/* End XCConfigurationList section */

/* Begin XCRemoteSwiftPackageReference section */
		6E329B6D27E4567900C39553 /* XCRemoteSwiftPackageReference "SnapKit" */ = {
			isa = XCRemoteSwiftPackageReference;
			repositoryURL = "https://github.com/SnapKit/SnapKit.git";
			requirement = {
				kind = upToNextMajorVersion;
				minimumVersion = 5.0.0;
			};
		};
/* End XCRemoteSwiftPackageReference section */

/* Begin XCSwiftPackageProductDependency section */
		6E329B6E27E4567900C39553 /* SnapKit */ = {
			isa = XCSwiftPackageProductDependency;
			package = 6E329B6D27E4567900C39553 /* XCRemoteSwiftPackageReference "SnapKit" */;
			productName = SnapKit;
		};
/* End XCSwiftPackageProductDependency section */
	};
	rootObject = 6E329B2827E4555400C39553 /* Project object */;
}
